// !$*UTF8*$!
{
	archiveVersion = 1;
	classes = {
	};
	objectVersion = 50;
	objects = {

/* Begin PBXBuildFile section */
		22FB4AA0237CC036006B0E82 /* AppDelegate.swift in Sources */ = {isa = PBXBuildFile; fileRef = 22FB4A9F237CC036006B0E82 /* AppDelegate.swift */; };
		22FB4AA2237CC036006B0E82 /* SceneDelegate.swift in Sources */ = {isa = PBXBuildFile; fileRef = 22FB4AA1237CC036006B0E82 /* SceneDelegate.swift */; };
		22FB4AA4237CC036006B0E82 /* ContentView.swift in Sources */ = {isa = PBXBuildFile; fileRef = 22FB4AA3237CC036006B0E82 /* ContentView.swift */; };
		22FB4AA6237CC037006B0E82 /* Assets.xcassets in Resources */ = {isa = PBXBuildFile; fileRef = 22FB4AA5237CC037006B0E82 /* Assets.xcassets */; };
		22FB4AA9237CC037006B0E82 /* Preview Assets.xcassets in Resources */ = {isa = PBXBuildFile; fileRef = 22FB4AA8237CC037006B0E82 /* Preview Assets.xcassets */; };
		22FB4AAC237CC037006B0E82 /* LaunchScreen.storyboard in Resources */ = {isa = PBXBuildFile; fileRef = 22FB4AAA237CC037006B0E82 /* LaunchScreen.storyboard */; };
		22FB4AB7237CC037006B0E82 /* portfolioTests.swift in Sources */ = {isa = PBXBuildFile; fileRef = 22FB4AB6237CC037006B0E82 /* portfolioTests.swift */; };
		22FB4AC2237CC037006B0E82 /* portfolioUITests.swift in Sources */ = {isa = PBXBuildFile; fileRef = 22FB4AC1237CC037006B0E82 /* portfolioUITests.swift */; };
		22FB4AD3237CC0B9006B0E82 /* IMG_1797.jpg in Resources */ = {isa = PBXBuildFile; fileRef = 22FB4AD2237CC0B9006B0E82 /* IMG_1797.jpg */; };
		22FB4AD5237CC0FE006B0E82 /* Localizable.strings in Resources */ = {isa = PBXBuildFile; fileRef = 22FB4AD4237CC0FE006B0E82 /* Localizable.strings */; };
/* End PBXBuildFile section */

/* Begin PBXContainerItemProxy section */
		22FB4AB3237CC037006B0E82 /* PBXContainerItemProxy */ = {
			isa = PBXContainerItemProxy;
			containerPortal = 22FB4A94237CC036006B0E82 /* Project object */;
			proxyType = 1;
			remoteGlobalIDString = 22FB4A9B237CC036006B0E82;
			remoteInfo = portfolio;
		};
		22FB4ABE237CC037006B0E82 /* PBXContainerItemProxy */ = {
			isa = PBXContainerItemProxy;
			containerPortal = 22FB4A94237CC036006B0E82 /* Project object */;
			proxyType = 1;
			remoteGlobalIDString = 22FB4A9B237CC036006B0E82;
			remoteInfo = portfolio;
		};
/* End PBXContainerItemProxy section */

/* Begin PBXFileReference section */
		22FB4A9C237CC036006B0E82 /* portfolio.app */ = {isa = PBXFileReference; explicitFileType = wrapper.application; includeInIndex = 0; path = portfolio.app; sourceTree = BUILT_PRODUCTS_DIR; };
		22FB4A9F237CC036006B0E82 /* AppDelegate.swift */ = {isa = PBXFileReference; lastKnownFileType = sourcecode.swift; path = AppDelegate.swift; sourceTree = "<group>"; };
		22FB4AA1237CC036006B0E82 /* SceneDelegate.swift */ = {isa = PBXFileReference; lastKnownFileType = sourcecode.swift; path = SceneDelegate.swift; sourceTree = "<group>"; };
		22FB4AA3237CC036006B0E82 /* ContentView.swift */ = {isa = PBXFileReference; lastKnownFileType = sourcecode.swift; path = ContentView.swift; sourceTree = "<group>"; };
		22FB4AA5237CC037006B0E82 /* Assets.xcassets */ = {isa = PBXFileReference; lastKnownFileType = folder.assetcatalog; path = Assets.xcassets; sourceTree = "<group>"; };
		22FB4AA8237CC037006B0E82 /* Preview Assets.xcassets */ = {isa = PBXFileReference; lastKnownFileType = folder.assetcatalog; path = "Preview Assets.xcassets"; sourceTree = "<group>"; };
		22FB4AAB237CC037006B0E82 /* Base */ = {isa = PBXFileReference; lastKnownFileType = file.storyboard; name = Base; path = Base.lproj/LaunchScreen.storyboard; sourceTree = "<group>"; };
		22FB4AAD237CC037006B0E82 /* Info.plist */ = {isa = PBXFileReference; lastKnownFileType = text.plist.xml; path = Info.plist; sourceTree = "<group>"; };
		22FB4AB2237CC037006B0E82 /* portfolioTests.xctest */ = {isa = PBXFileReference; explicitFileType = wrapper.cfbundle; includeInIndex = 0; path = portfolioTests.xctest; sourceTree = BUILT_PRODUCTS_DIR; };
		22FB4AB6237CC037006B0E82 /* portfolioTests.swift */ = {isa = PBXFileReference; lastKnownFileType = sourcecode.swift; path = portfolioTests.swift; sourceTree = "<group>"; };
		22FB4AB8237CC037006B0E82 /* Info.plist */ = {isa = PBXFileReference; lastKnownFileType = text.plist.xml; path = Info.plist; sourceTree = "<group>"; };
		22FB4ABD237CC037006B0E82 /* portfolioUITests.xctest */ = {isa = PBXFileReference; explicitFileType = wrapper.cfbundle; includeInIndex = 0; path = portfolioUITests.xctest; sourceTree = BUILT_PRODUCTS_DIR; };
		22FB4AC1237CC037006B0E82 /* portfolioUITests.swift */ = {isa = PBXFileReference; lastKnownFileType = sourcecode.swift; path = portfolioUITests.swift; sourceTree = "<group>"; };
		22FB4AC3237CC037006B0E82 /* Info.plist */ = {isa = PBXFileReference; lastKnownFileType = text.plist.xml; path = Info.plist; sourceTree = "<group>"; };
		22FB4AD2237CC0B9006B0E82 /* IMG_1797.jpg */ = {isa = PBXFileReference; lastKnownFileType = image.jpeg; path = IMG_1797.jpg; sourceTree = "<group>"; };
		22FB4AD4237CC0FE006B0E82 /* Localizable.strings */ = {isa = PBXFileReference; fileEncoding = 4; lastKnownFileType = text.plist.strings; path = Localizable.strings; sourceTree = "<group>"; };
/* End PBXFileReference section */

/* Begin PBXFrameworksBuildPhase section */
		22FB4A99237CC036006B0E82 /* Frameworks */ = {
			isa = PBXFrameworksBuildPhase;
			buildActionMask = 2147483647;
			files = (
			);
			runOnlyForDeploymentPostprocessing = 0;
		};
		22FB4AAF237CC037006B0E82 /* Frameworks */ = {
			isa = PBXFrameworksBuildPhase;
			buildActionMask = 2147483647;
			files = (
			);
			runOnlyForDeploymentPostprocessing = 0;
		};
		22FB4ABA237CC037006B0E82 /* Frameworks */ = {
			isa = PBXFrameworksBuildPhase;
			buildActionMask = 2147483647;
			files = (
			);
			runOnlyForDeploymentPostprocessing = 0;
		};
/* End PBXFrameworksBuildPhase section */

/* Begin PBXGroup section */
		22FB4A93237CC036006B0E82 = {
			isa = PBXGroup;
			children = (
				22FB4A9E237CC036006B0E82 /* portfolio */,
				22FB4AB5237CC037006B0E82 /* portfolioTests */,
				22FB4AC0237CC037006B0E82 /* portfolioUITests */,
				22FB4A9D237CC036006B0E82 /* Products */,
			);
			sourceTree = "<group>";
		};
		22FB4A9D237CC036006B0E82 /* Products */ = {
			isa = PBXGroup;
			children = (
				22FB4A9C237CC036006B0E82 /* portfolio.app */,
				22FB4AB2237CC037006B0E82 /* portfolioTests.xctest */,
				22FB4ABD237CC037006B0E82 /* portfolioUITests.xctest */,
			);
			name = Products;
			sourceTree = "<group>";
		};
		22FB4A9E237CC036006B0E82 /* portfolio */ = {
			isa = PBXGroup;
			children = (
				22FB4AD4237CC0FE006B0E82 /* Localizable.strings */,
				22FB4ACF237CC04F006B0E82 /* Assets */,
				22FB4A9F237CC036006B0E82 /* AppDelegate.swift */,
				22FB4AA1237CC036006B0E82 /* SceneDelegate.swift */,
				22FB4AA3237CC036006B0E82 /* ContentView.swift */,
				22FB4AA5237CC037006B0E82 /* Assets.xcassets */,
				22FB4AAA237CC037006B0E82 /* LaunchScreen.storyboard */,
				22FB4AAD237CC037006B0E82 /* Info.plist */,
				22FB4AA7237CC037006B0E82 /* Preview Content */,
			);
			path = portfolio;
			sourceTree = "<group>";
		};
		22FB4AA7237CC037006B0E82 /* Preview Content */ = {
			isa = PBXGroup;
			children = (
				22FB4AA8237CC037006B0E82 /* Preview Assets.xcassets */,
			);
			path = "Preview Content";
			sourceTree = "<group>";
		};
		22FB4AB5237CC037006B0E82 /* portfolioTests */ = {
			isa = PBXGroup;
			children = (
				22FB4AB6237CC037006B0E82 /* portfolioTests.swift */,
				22FB4AB8237CC037006B0E82 /* Info.plist */,
			);
			path = portfolioTests;
			sourceTree = "<group>";
		};
		22FB4AC0237CC037006B0E82 /* portfolioUITests */ = {
			isa = PBXGroup;
			children = (
				22FB4AC1237CC037006B0E82 /* portfolioUITests.swift */,
				22FB4AC3237CC037006B0E82 /* Info.plist */,
			);
			path = portfolioUITests;
			sourceTree = "<group>";
		};
		22FB4ACF237CC04F006B0E82 /* Assets */ = {
			isa = PBXGroup;
			children = (
				22FB4AD2237CC0B9006B0E82 /* IMG_1797.jpg */,
			);
			path = Assets;
			sourceTree = "<group>";
		};
/* End PBXGroup section */

/* Begin PBXNativeTarget section */
		22FB4A9B237CC036006B0E82 /* portfolio */ = {
			isa = PBXNativeTarget;
			buildConfigurationList = 22FB4AC6237CC037006B0E82 /* Build configuration list for PBXNativeTarget "portfolio" */;
			buildPhases = (
				22FB4A98237CC036006B0E82 /* Sources */,
				22FB4A99237CC036006B0E82 /* Frameworks */,
				22FB4A9A237CC036006B0E82 /* Resources */,
			);
			buildRules = (
			);
			dependencies = (
			);
			name = portfolio;
			productName = portfolio;
			productReference = 22FB4A9C237CC036006B0E82 /* portfolio.app */;
			productType = "com.apple.product-type.application";
		};
		22FB4AB1237CC037006B0E82 /* portfolioTests */ = {
			isa = PBXNativeTarget;
			buildConfigurationList = 22FB4AC9237CC037006B0E82 /* Build configuration list for PBXNativeTarget "portfolioTests" */;
			buildPhases = (
				22FB4AAE237CC037006B0E82 /* Sources */,
				22FB4AAF237CC037006B0E82 /* Frameworks */,
				22FB4AB0237CC037006B0E82 /* Resources */,
			);
			buildRules = (
			);
			dependencies = (
				22FB4AB4237CC037006B0E82 /* PBXTargetDependency */,
			);
			name = portfolioTests;
			productName = portfolioTests;
			productReference = 22FB4AB2237CC037006B0E82 /* portfolioTests.xctest */;
			productType = "com.apple.product-type.bundle.unit-test";
		};
		22FB4ABC237CC037006B0E82 /* portfolioUITests */ = {
			isa = PBXNativeTarget;
			buildConfigurationList = 22FB4ACC237CC037006B0E82 /* Build configuration list for PBXNativeTarget "portfolioUITests" */;
			buildPhases = (
				22FB4AB9237CC037006B0E82 /* Sources */,
				22FB4ABA237CC037006B0E82 /* Frameworks */,
				22FB4ABB237CC037006B0E82 /* Resources */,
			);
			buildRules = (
			);
			dependencies = (
				22FB4ABF237CC037006B0E82 /* PBXTargetDependency */,
			);
			name = portfolioUITests;
			productName = portfolioUITests;
			productReference = 22FB4ABD237CC037006B0E82 /* portfolioUITests.xctest */;
			productType = "com.apple.product-type.bundle.ui-testing";
		};
/* End PBXNativeTarget section */

/* Begin PBXProject section */
		22FB4A94237CC036006B0E82 /* Project object */ = {
			isa = PBXProject;
			attributes = {
				LastSwiftUpdateCheck = 1110;
				LastUpgradeCheck = 1110;
				ORGANIZATIONNAME = "Raja, Tarun";
				TargetAttributes = {
					22FB4A9B237CC036006B0E82 = {
						CreatedOnToolsVersion = 11.1;
					};
					22FB4AB1237CC037006B0E82 = {
						CreatedOnToolsVersion = 11.1;
						TestTargetID = 22FB4A9B237CC036006B0E82;
					};
					22FB4ABC237CC037006B0E82 = {
						CreatedOnToolsVersion = 11.1;
						TestTargetID = 22FB4A9B237CC036006B0E82;
					};
				};
			};
			buildConfigurationList = 22FB4A97237CC036006B0E82 /* Build configuration list for PBXProject "portfolio" */;
			compatibilityVersion = "Xcode 9.3";
			developmentRegion = en;
			hasScannedForEncodings = 0;
			knownRegions = (
				en,
				Base,
			);
			mainGroup = 22FB4A93237CC036006B0E82;
			productRefGroup = 22FB4A9D237CC036006B0E82 /* Products */;
			projectDirPath = "";
			projectRoot = "";
			targets = (
				22FB4A9B237CC036006B0E82 /* portfolio */,
				22FB4AB1237CC037006B0E82 /* portfolioTests */,
				22FB4ABC237CC037006B0E82 /* portfolioUITests */,
			);
		};
/* End PBXProject section */

/* Begin PBXResourcesBuildPhase section */
		22FB4A9A237CC036006B0E82 /* Resources */ = {
			isa = PBXResourcesBuildPhase;
			buildActionMask = 2147483647;
			files = (
				22FB4AD5237CC0FE006B0E82 /* Localizable.strings in Resources */,
				22FB4AAC237CC037006B0E82 /* LaunchScreen.storyboard in Resources */,
				22FB4AA9237CC037006B0E82 /* Preview Assets.xcassets in Resources */,
				22FB4AA6237CC037006B0E82 /* Assets.xcassets in Resources */,
				22FB4AD3237CC0B9006B0E82 /* IMG_1797.jpg in Resources */,
			);
			runOnlyForDeploymentPostprocessing = 0;
		};
		22FB4AB0237CC037006B0E82 /* Resources */ = {
			isa = PBXResourcesBuildPhase;
			buildActionMask = 2147483647;
			files = (
			);
			runOnlyForDeploymentPostprocessing = 0;
		};
		22FB4ABB237CC037006B0E82 /* Resources */ = {
			isa = PBXResourcesBuildPhase;
			buildActionMask = 2147483647;
			files = (
			);
			runOnlyForDeploymentPostprocessing = 0;
		};
/* End PBXResourcesBuildPhase section */

/* Begin PBXSourcesBuildPhase section */
		22FB4A98237CC036006B0E82 /* Sources */ = {
			isa = PBXSourcesBuildPhase;
			buildActionMask = 2147483647;
			files = (
				22FB4AA0237CC036006B0E82 /* AppDelegate.swift in Sources */,
				22FB4AA2237CC036006B0E82 /* SceneDelegate.swift in Sources */,
				22FB4AA4237CC036006B0E82 /* ContentView.swift in Sources */,
			);
			runOnlyForDeploymentPostprocessing = 0;
		};
		22FB4AAE237CC037006B0E82 /* Sources */ = {
			isa = PBXSourcesBuildPhase;
			buildActionMask = 2147483647;
			files = (
				22FB4AB7237CC037006B0E82 /* portfolioTests.swift in Sources */,
			);
			runOnlyForDeploymentPostprocessing = 0;
		};
		22FB4AB9237CC037006B0E82 /* Sources */ = {
			isa = PBXSourcesBuildPhase;
			buildActionMask = 2147483647;
			files = (
				22FB4AC2237CC037006B0E82 /* portfolioUITests.swift in Sources */,
			);
			runOnlyForDeploymentPostprocessing = 0;
		};
/* End PBXSourcesBuildPhase section */

/* Begin PBXTargetDependency section */
		22FB4AB4237CC037006B0E82 /* PBXTargetDependency */ = {
			isa = PBXTargetDependency;
			target = 22FB4A9B237CC036006B0E82 /* portfolio */;
			targetProxy = 22FB4AB3237CC037006B0E82 /* PBXContainerItemProxy */;
		};
		22FB4ABF237CC037006B0E82 /* PBXTargetDependency */ = {
			isa = PBXTargetDependency;
			target = 22FB4A9B237CC036006B0E82 /* portfolio */;
			targetProxy = 22FB4ABE237CC037006B0E82 /* PBXContainerItemProxy */;
		};
/* End PBXTargetDependency section */

/* Begin PBXVariantGroup section */
		22FB4AAA237CC037006B0E82 /* LaunchScreen.storyboard */ = {
			isa = PBXVariantGroup;
			children = (
				22FB4AAB237CC037006B0E82 /* Base */,
			);
			name = LaunchScreen.storyboard;
			sourceTree = "<group>";
		};
/* End PBXVariantGroup section */

/* Begin XCBuildConfiguration section */
		22FB4AC4237CC037006B0E82 /* Debug */ = {
			isa = XCBuildConfiguration;
			buildSettings = {
				ALWAYS_SEARCH_USER_PATHS = NO;
				CLANG_ANALYZER_NONNULL = YES;
				CLANG_ANALYZER_NUMBER_OBJECT_CONVERSION = YES_AGGRESSIVE;
				CLANG_CXX_LANGUAGE_STANDARD = "gnu++14";
				CLANG_CXX_LIBRARY = "libc++";
				CLANG_ENABLE_MODULES = YES;
				CLANG_ENABLE_OBJC_ARC = YES;
				CLANG_ENABLE_OBJC_WEAK = YES;
				CLANG_WARN_BLOCK_CAPTURE_AUTORELEASING = YES;
				CLANG_WARN_BOOL_CONVERSION = YES;
				CLANG_WARN_COMMA = YES;
				CLANG_WARN_CONSTANT_CONVERSION = YES;
				CLANG_WARN_DEPRECATED_OBJC_IMPLEMENTATIONS = YES;
				CLANG_WARN_DIRECT_OBJC_ISA_USAGE = YES_ERROR;
				CLANG_WARN_DOCUMENTATION_COMMENTS = YES;
				CLANG_WARN_EMPTY_BODY = YES;
				CLANG_WARN_ENUM_CONVERSION = YES;
				CLANG_WARN_INFINITE_RECURSION = YES;
				CLANG_WARN_INT_CONVERSION = YES;
				CLANG_WARN_NON_LITERAL_NULL_CONVERSION = YES;
				CLANG_WARN_OBJC_IMPLICIT_RETAIN_SELF = YES;
				CLANG_WARN_OBJC_LITERAL_CONVERSION = YES;
				CLANG_WARN_OBJC_ROOT_CLASS = YES_ERROR;
				CLANG_WARN_RANGE_LOOP_ANALYSIS = YES;
				CLANG_WARN_STRICT_PROTOTYPES = YES;
				CLANG_WARN_SUSPICIOUS_MOVE = YES;
				CLANG_WARN_UNGUARDED_AVAILABILITY = YES_AGGRESSIVE;
				CLANG_WARN_UNREACHABLE_CODE = YES;
				CLANG_WARN__DUPLICATE_METHOD_MATCH = YES;
				COPY_PHASE_STRIP = NO;
				DEBUG_INFORMATION_FORMAT = dwarf;
				ENABLE_STRICT_OBJC_MSGSEND = YES;
				ENABLE_TESTABILITY = YES;
				GCC_C_LANGUAGE_STANDARD = gnu11;
				GCC_DYNAMIC_NO_PIC = NO;
				GCC_NO_COMMON_BLOCKS = YES;
				GCC_OPTIMIZATION_LEVEL = 0;
				GCC_PREPROCESSOR_DEFINITIONS = (
					"DEBUG=1",
					"$(inherited)",
				);
				GCC_WARN_64_TO_32_BIT_CONVERSION = YES;
				GCC_WARN_ABOUT_RETURN_TYPE = YES_ERROR;
				GCC_WARN_UNDECLARED_SELECTOR = YES;
				GCC_WARN_UNINITIALIZED_AUTOS = YES_AGGRESSIVE;
				GCC_WARN_UNUSED_FUNCTION = YES;
				GCC_WARN_UNUSED_VARIABLE = YES;
				IPHONEOS_DEPLOYMENT_TARGET = 13.1;
				MTL_ENABLE_DEBUG_INFO = INCLUDE_SOURCE;
				MTL_FAST_MATH = YES;
				ONLY_ACTIVE_ARCH = YES;
				SDKROOT = iphoneos;
				SWIFT_ACTIVE_COMPILATION_CONDITIONS = DEBUG;
				SWIFT_OPTIMIZATION_LEVEL = "-Onone";
			};
			name = Debug;
		};
		22FB4AC5237CC037006B0E82 /* Release */ = {
			isa = XCBuildConfiguration;
			buildSettings = {
				ALWAYS_SEARCH_USER_PATHS = NO;
				CLANG_ANALYZER_NONNULL = YES;
				CLANG_ANALYZER_NUMBER_OBJECT_CONVERSION = YES_AGGRESSIVE;
				CLANG_CXX_LANGUAGE_STANDARD = "gnu++14";
				CLANG_CXX_LIBRARY = "libc++";
				CLANG_ENABLE_MODULES = YES;
				CLANG_ENABLE_OBJC_ARC = YES;
				CLANG_ENABLE_OBJC_WEAK = YES;
				CLANG_WARN_BLOCK_CAPTURE_AUTORELEASING = YES;
				CLANG_WARN_BOOL_CONVERSION = YES;
				CLANG_WARN_COMMA = YES;
				CLANG_WARN_CONSTANT_CONVERSION = YES;
				CLANG_WARN_DEPRECATED_OBJC_IMPLEMENTATIONS = YES;
				CLANG_WARN_DIRECT_OBJC_ISA_USAGE = YES_ERROR;
				CLANG_WARN_DOCUMENTATION_COMMENTS = YES;
				CLANG_WARN_EMPTY_BODY = YES;
				CLANG_WARN_ENUM_CONVERSION = YES;
				CLANG_WARN_INFINITE_RECURSION = YES;
				CLANG_WARN_INT_CONVERSION = YES;
				CLANG_WARN_NON_LITERAL_NULL_CONVERSION = YES;
				CLANG_WARN_OBJC_IMPLICIT_RETAIN_SELF = YES;
				CLANG_WARN_OBJC_LITERAL_CONVERSION = YES;
				CLANG_WARN_OBJC_ROOT_CLASS = YES_ERROR;
				CLANG_WARN_RANGE_LOOP_ANALYSIS = YES;
				CLANG_WARN_STRICT_PROTOTYPES = YES;
				CLANG_WARN_SUSPICIOUS_MOVE = YES;
				CLANG_WARN_UNGUARDED_AVAILABILITY = YES_AGGRESSIVE;
				CLANG_WARN_UNREACHABLE_CODE = YES;
				CLANG_WARN__DUPLICATE_METHOD_MATCH = YES;
				COPY_PHASE_STRIP = NO;
				DEBUG_INFORMATION_FORMAT = "dwarf-with-dsym";
				ENABLE_NS_ASSERTIONS = NO;
				ENABLE_STRICT_OBJC_MSGSEND = YES;
				GCC_C_LANGUAGE_STANDARD = gnu11;
				GCC_NO_COMMON_BLOCKS = YES;
				GCC_WARN_64_TO_32_BIT_CONVERSION = YES;
				GCC_WARN_ABOUT_RETURN_TYPE = YES_ERROR;
				GCC_WARN_UNDECLARED_SELECTOR = YES;
				GCC_WARN_UNINITIALIZED_AUTOS = YES_AGGRESSIVE;
				GCC_WARN_UNUSED_FUNCTION = YES;
				GCC_WARN_UNUSED_VARIABLE = YES;
				IPHONEOS_DEPLOYMENT_TARGET = 13.1;
				MTL_ENABLE_DEBUG_INFO = NO;
				MTL_FAST_MATH = YES;
				SDKROOT = iphoneos;
				SWIFT_COMPILATION_MODE = wholemodule;
				SWIFT_OPTIMIZATION_LEVEL = "-O";
				VALIDATE_PRODUCT = YES;
			};
			name = Release;
		};
		22FB4AC7237CC037006B0E82 /* Debug */ = {
			isa = XCBuildConfiguration;
			buildSettings = {
				ASSETCATALOG_COMPILER_APPICON_NAME = AppIcon;
				CODE_SIGN_STYLE = Automatic;
				DEVELOPMENT_ASSET_PATHS = "\"portfolio/Preview Content\"";
				ENABLE_PREVIEWS = YES;
				INFOPLIST_FILE = portfolio/Info.plist;
				LD_RUNPATH_SEARCH_PATHS = (
					"$(inherited)",
					"@executable_path/Frameworks",
				);
				PRODUCT_BUNDLE_IDENTIFIER = io.tarunraja.portfolio;
				PRODUCT_NAME = "$(TARGET_NAME)";
				SWIFT_VERSION = 5.0;
				TARGETED_DEVICE_FAMILY = "1,2";
			};
			name = Debug;
		};
		22FB4AC8237CC037006B0E82 /* Release */ = {
			isa = XCBuildConfiguration;
			buildSettings = {
				ASSETCATALOG_COMPILER_APPICON_NAME = AppIcon;
				CODE_SIGN_STYLE = Automatic;
				DEVELOPMENT_ASSET_PATHS = "\"portfolio/Preview Content\"";
				ENABLE_PREVIEWS = YES;
				INFOPLIST_FILE = portfolio/Info.plist;
				LD_RUNPATH_SEARCH_PATHS = (
					"$(inherited)",
					"@executable_path/Frameworks",
				);
				PRODUCT_BUNDLE_IDENTIFIER = io.tarunraja.portfolio;
				PRODUCT_NAME = "$(TARGET_NAME)";
				SWIFT_VERSION = 5.0;
				TARGETED_DEVICE_FAMILY = "1,2";
			};
			name = Release;
		};
		22FB4ACA237CC037006B0E82 /* Debug */ = {
			isa = XCBuildConfiguration;
			buildSettings = {
				ALWAYS_EMBED_SWIFT_STANDARD_LIBRARIES = YES;
				BUNDLE_LOADER = "$(TEST_HOST)";
				CODE_SIGN_STYLE = Automatic;
				INFOPLIST_FILE = portfolioTests/Info.plist;
				IPHONEOS_DEPLOYMENT_TARGET = 13.1;
				LD_RUNPATH_SEARCH_PATHS = (
					"$(inherited)",
					"@executable_path/Frameworks",
					"@loader_path/Frameworks",
				);
				PRODUCT_BUNDLE_IDENTIFIER = io.tarunraja.portfolioTests;
				PRODUCT_NAME = "$(TARGET_NAME)";
				SWIFT_VERSION = 5.0;
				TARGETED_DEVICE_FAMILY = "1,2";
				TEST_HOST = "$(BUILT_PRODUCTS_DIR)/portfolio.app/portfolio";
			};
			name = Debug;
		};
		22FB4ACB237CC037006B0E82 /* Release */ = {
			isa = XCBuildConfiguration;
			buildSettings = {
				ALWAYS_EMBED_SWIFT_STANDARD_LIBRARIES = YES;
				BUNDLE_LOADER = "$(TEST_HOST)";
				CODE_SIGN_STYLE = Automatic;
				INFOPLIST_FILE = portfolioTests/Info.plist;
				IPHONEOS_DEPLOYMENT_TARGET = 13.1;
				LD_RUNPATH_SEARCH_PATHS = (
					"$(inherited)",
					"@executable_path/Frameworks",
					"@loader_path/Frameworks",
				);
				PRODUCT_BUNDLE_IDENTIFIER = io.tarunraja.portfolioTests;
				PRODUCT_NAME = "$(TARGET_NAME)";
				SWIFT_VERSION = 5.0;
				TARGETED_DEVICE_FAMILY = "1,2";
				TEST_HOST = "$(BUILT_PRODUCTS_DIR)/portfolio.app/portfolio";
			};
			name = Release;
		};
		22FB4ACD237CC037006B0E82 /* Debug */ = {
			isa = XCBuildConfiguration;
			buildSettings = {
				ALWAYS_EMBED_SWIFT_STANDARD_LIBRARIES = YES;
				CODE_SIGN_STYLE = Automatic;
				INFOPLIST_FILE = portfolioUITests/Info.plist;
				LD_RUNPATH_SEARCH_PATHS = (
					"$(inherited)",
					"@executable_path/Frameworks",
					"@loader_path/Frameworks",
				);
				PRODUCT_BUNDLE_IDENTIFIER = io.tarunraja.portfolioUITests;
				PRODUCT_NAME = "$(TARGET_NAME)";
				SWIFT_VERSION = 5.0;
				TARGETED_DEVICE_FAMILY = "1,2";
				TEST_TARGET_NAME = portfolio;
			};
			name = Debug;
		};
		22FB4ACE237CC037006B0E82 /* Release */ = {
			isa = XCBuildConfiguration;
			buildSettings = {
				ALWAYS_EMBED_SWIFT_STANDARD_LIBRARIES = YES;
				CODE_SIGN_STYLE = Automatic;
				INFOPLIST_FILE = portfolioUITests/Info.plist;
				LD_RUNPATH_SEARCH_PATHS = (
					"$(inherited)",
					"@executable_path/Frameworks",
					"@loader_path/Frameworks",
				);
				PRODUCT_BUNDLE_IDENTIFIER = io.tarunraja.portfolioUITests;
				PRODUCT_NAME = "$(TARGET_NAME)";
				SWIFT_VERSION = 5.0;
				TARGETED_DEVICE_FAMILY = "1,2";
				TEST_TARGET_NAME = portfolio;
			};
			name = Release;
		};
/* End XCBuildConfiguration section */

/* Begin XCConfigurationList section */
		22FB4A97237CC036006B0E82 /* Build configuration list for PBXProject "portfolio" */ = {
			isa = XCConfigurationList;
			buildConfigurations = (
				22FB4AC4237CC037006B0E82 /* Debug */,
				22FB4AC5237CC037006B0E82 /* Release */,
			);
			defaultConfigurationIsVisible = 0;
			defaultConfigurationName = Release;
		};
		22FB4AC6237CC037006B0E82 /* Build configuration list for PBXNativeTarget "portfolio" */ = {
			isa = XCConfigurationList;
			buildConfigurations = (
				22FB4AC7237CC037006B0E82 /* Debug */,
				22FB4AC8237CC037006B0E82 /* Release */,
			);
			defaultConfigurationIsVisible = 0;
			defaultConfigurationName = Release;
		};
		22FB4AC9237CC037006B0E82 /* Build configuration list for PBXNativeTarget "portfolioTests" */ = {
			isa = XCConfigurationList;
			buildConfigurations = (
				22FB4ACA237CC037006B0E82 /* Debug */,
				22FB4ACB237CC037006B0E82 /* Release */,
			);
			defaultConfigurationIsVisible = 0;
			defaultConfigurationName = Release;
		};
		22FB4ACC237CC037006B0E82 /* Build configuration list for PBXNativeTarget "portfolioUITests" */ = {
			isa = XCConfigurationList;
			buildConfigurations = (
				22FB4ACD237CC037006B0E82 /* Debug */,
				22FB4ACE237CC037006B0E82 /* Release */,
			);
			defaultConfigurationIsVisible = 0;
			defaultConfigurationName = Release;
		};
/* End XCConfigurationList section */
	};
	rootObject = 22FB4A94237CC036006B0E82 /* Project object */;
}
